
Microsoft Visual Studio Solution File, Format Version 12.00
# Visual Studio 2013
VisualStudioVersion = 12.0.21005.1
MinimumVisualStudioVersion = 10.0.40219.1
Project("{FAE04EC0-301F-11D3-BF4B-00C04F79EFBC}") = "CalculatorUnitTestProject", "CalculatorUnitTestProject\CalculatorUnitTestProject.csproj", "{E51E0A2C-554F-47BC-9542-E891D2689CAD}"
EndProject
Project("{FAE04EC0-301F-11D3-BF4B-00C04F79EFBC}") = "Calculator", "Calculator\Calculator.csproj", "{4487CEE4-27B3-4200-BD33-6CAF64D67CE0}"
EndProject
Global
	GlobalSection(SolutionConfigurationPlatforms) = preSolution
		Debug|Any CPU = Debug|Any CPU
		Release|Any CPU = Release|Any CPU
	EndGlobalSection
	GlobalSection(ProjectConfigurationPlatforms) = postSolution
		{E51E0A2C-554F-47BC-9542-E891D2689CAD}.Debug|Any CPU.ActiveCfg = Debug|Any CPU
		{E51E0A2C-554F-47BC-9542-E891D2689CAD}.Debug|Any CPU.Build.0 = Debug|Any CPU
		{E51E0A2C-554F-47BC-9542-E891D2689CAD}.Release|Any CPU.ActiveCfg = Release|Any CPU
		{E51E0A2C-554F-47BC-9542-E891D2689CAD}.Release|Any CPU.Build.0 = Release|Any CPU
		{4487CEE4-27B3-4200-BD33-6CAF64D67CE0}.Debug|Any CPU.ActiveCfg = Debug|Any CPU
		{4487CEE4-27B3-4200-BD33-6CAF64D67CE0}.Debug|Any CPU.Build.0 = Debug|Any CPU
		{4487CEE4-27B3-4200-BD33-6CAF64D67CE0}.Release|Any CPU.ActiveCfg = Release|Any CPU
		{4487CEE4-27B3-4200-BD33-6CAF64D67CE0}.Release|Any CPU.Build.0 = Release|Any CPU
	EndGlobalSection
	GlobalSection(SolutionProperties) = preSolution
		HideSolutionNode = FALSE
	EndGlobalSection
EndGlobal
